// !$*UTF8*$!
{
	archiveVersion = 1;
	classes = {
	};
	objectVersion = 56;
	objects = {

/* Begin PBXBuildFile section */
		C7223EDC2948D4EB00152569 /* AppDelegate.swift in Sources */ = {isa = PBXBuildFile; fileRef = C7223EDB2948D4EB00152569 /* AppDelegate.swift */; };
		C7223EDE2948D4EB00152569 /* SceneDelegate.swift in Sources */ = {isa = PBXBuildFile; fileRef = C7223EDD2948D4EB00152569 /* SceneDelegate.swift */; };
		C7223EE02948D4EB00152569 /* ViewController.swift in Sources */ = {isa = PBXBuildFile; fileRef = C7223EDF2948D4EB00152569 /* ViewController.swift */; };
		C7223EE32948D4EB00152569 /* Main.storyboard in Resources */ = {isa = PBXBuildFile; fileRef = C7223EE12948D4EB00152569 /* Main.storyboard */; };
		C7223EE52948D4EC00152569 /* Assets.xcassets in Resources */ = {isa = PBXBuildFile; fileRef = C7223EE42948D4EC00152569 /* Assets.xcassets */; };
		C7223EE82948D4EC00152569 /* LaunchScreen.storyboard in Resources */ = {isa = PBXBuildFile; fileRef = C7223EE62948D4EC00152569 /* LaunchScreen.storyboard */; };
		C7223EF02948D7AC00152569 /* AstronomyPictures.swift in Sources */ = {isa = PBXBuildFile; fileRef = C7223EEF2948D7AC00152569 /* AstronomyPictures.swift */; };
		C7759D66294DBC910066C5A1 /* NetworkManager.swift in Sources */ = {isa = PBXBuildFile; fileRef = C7759D65294DBC910066C5A1 /* NetworkManager.swift */; };
		C7759D69294DBEF60066C5A1 /* DescriptionViewController.swift in Sources */ = {isa = PBXBuildFile; fileRef = C7759D68294DBEF60066C5A1 /* DescriptionViewController.swift */; };
/* End PBXBuildFile section */

/* Begin PBXFileReference section */
		C7223ED82948D4EB00152569 /* ParcingJSON.app */ = {isa = PBXFileReference; explicitFileType = wrapper.application; includeInIndex = 0; path = ParcingJSON.app; sourceTree = BUILT_PRODUCTS_DIR; };
		C7223EDB2948D4EB00152569 /* AppDelegate.swift */ = {isa = PBXFileReference; lastKnownFileType = sourcecode.swift; path = AppDelegate.swift; sourceTree = "<group>"; };
		C7223EDD2948D4EB00152569 /* SceneDelegate.swift */ = {isa = PBXFileReference; lastKnownFileType = sourcecode.swift; path = SceneDelegate.swift; sourceTree = "<group>"; };
		C7223EDF2948D4EB00152569 /* ViewController.swift */ = {isa = PBXFileReference; lastKnownFileType = sourcecode.swift; path = ViewController.swift; sourceTree = "<group>"; };
		C7223EE22948D4EB00152569 /* Base */ = {isa = PBXFileReference; lastKnownFileType = file.storyboard; name = Base; path = Base.lproj/Main.storyboard; sourceTree = "<group>"; };
		C7223EE42948D4EC00152569 /* Assets.xcassets */ = {isa = PBXFileReference; lastKnownFileType = folder.assetcatalog; path = Assets.xcassets; sourceTree = "<group>"; };
		C7223EE72948D4EC00152569 /* Base */ = {isa = PBXFileReference; lastKnownFileType = file.storyboard; name = Base; path = Base.lproj/LaunchScreen.storyboard; sourceTree = "<group>"; };
		C7223EE92948D4EC00152569 /* Info.plist */ = {isa = PBXFileReference; lastKnownFileType = text.plist.xml; path = Info.plist; sourceTree = "<group>"; };
		C7223EEF2948D7AC00152569 /* AstronomyPictures.swift */ = {isa = PBXFileReference; lastKnownFileType = sourcecode.swift; path = AstronomyPictures.swift; sourceTree = "<group>"; };
		C7759D65294DBC910066C5A1 /* NetworkManager.swift */ = {isa = PBXFileReference; lastKnownFileType = sourcecode.swift; path = NetworkManager.swift; sourceTree = "<group>"; };
		C7759D68294DBEF60066C5A1 /* DescriptionViewController.swift */ = {isa = PBXFileReference; lastKnownFileType = sourcecode.swift; path = DescriptionViewController.swift; sourceTree = "<group>"; };
/* End PBXFileReference section */

/* Begin PBXFrameworksBuildPhase section */
		C7223ED52948D4EB00152569 /* Frameworks */ = {
			isa = PBXFrameworksBuildPhase;
			buildActionMask = 2147483647;
			files = (
			);
			runOnlyForDeploymentPostprocessing = 0;
		};
/* End PBXFrameworksBuildPhase section */

/* Begin PBXGroup section */
		C7223ECF2948D4EB00152569 = {
			isa = PBXGroup;
			children = (
				C7223EDA2948D4EB00152569 /* ParcingJSON */,
				C7223ED92948D4EB00152569 /* Products */,
			);
			sourceTree = "<group>";
		};
		C7223ED92948D4EB00152569 /* Products */ = {
			isa = PBXGroup;
			children = (
				C7223ED82948D4EB00152569 /* ParcingJSON.app */,
			);
			name = Products;
			sourceTree = "<group>";
		};
		C7223EDA2948D4EB00152569 /* ParcingJSON */ = {
			isa = PBXGroup;
			children = (
				C7223EF42948D83400152569 /* App */,
				C7223EF12948D7B500152569 /* Models */,
				C7223EF32948D7FD00152569 /* ViewControllers */,
				C7759D67294DBC970066C5A1 /* Services */,
				C7223EF22948D7D800152569 /* Storyboards */,
				C7223EE42948D4EC00152569 /* Assets.xcassets */,
			);
			path = ParcingJSON;
			sourceTree = "<group>";
		};
		C7223EF12948D7B500152569 /* Models */ = {
			isa = PBXGroup;
			children = (
				C7223EEF2948D7AC00152569 /* AstronomyPictures.swift */,
			);
			path = Models;
			sourceTree = "<group>";
		};
		C7223EF22948D7D800152569 /* Storyboards */ = {
			isa = PBXGroup;
			children = (
				C7223EE12948D4EB00152569 /* Main.storyboard */,
				C7223EE62948D4EC00152569 /* LaunchScreen.storyboard */,
			);
			path = Storyboards;
			sourceTree = "<group>";
		};
		C7223EF32948D7FD00152569 /* ViewControllers */ = {
			isa = PBXGroup;
			children = (
				C7223EDF2948D4EB00152569 /* ViewController.swift */,
				C7759D68294DBEF60066C5A1 /* DescriptionViewController.swift */,
			);
			path = ViewControllers;
			sourceTree = "<group>";
		};
		C7223EF42948D83400152569 /* App */ = {
			isa = PBXGroup;
			children = (
				C7223EDB2948D4EB00152569 /* AppDelegate.swift */,
				C7223EDD2948D4EB00152569 /* SceneDelegate.swift */,
				C7223EE92948D4EC00152569 /* Info.plist */,
			);
			path = App;
			sourceTree = "<group>";
		};
		C7759D67294DBC970066C5A1 /* Services */ = {
			isa = PBXGroup;
			children = (
				C7759D65294DBC910066C5A1 /* NetworkManager.swift */,
			);
			path = Services;
			sourceTree = "<group>";
		};
/* End PBXGroup section */

/* Begin PBXNativeTarget section */
		C7223ED72948D4EB00152569 /* ParcingJSON */ = {
			isa = PBXNativeTarget;
			buildConfigurationList = C7223EEC2948D4EC00152569 /* Build configuration list for PBXNativeTarget "ParcingJSON" */;
			buildPhases = (
				C7223ED42948D4EB00152569 /* Sources */,
				C7223ED52948D4EB00152569 /* Frameworks */,
				C7223ED62948D4EB00152569 /* Resources */,
			);
			buildRules = (
			);
			dependencies = (
			);
			name = ParcingJSON;
			productName = ParcingJSON;
			productReference = C7223ED82948D4EB00152569 /* ParcingJSON.app */;
			productType = "com.apple.product-type.application";
		};
/* End PBXNativeTarget section */

/* Begin PBXProject section */
		C7223ED02948D4EB00152569 /* Project object */ = {
			isa = PBXProject;
			attributes = {
				BuildIndependentTargetsInParallel = 1;
				LastSwiftUpdateCheck = 1410;
				LastUpgradeCheck = 1410;
				TargetAttributes = {
					C7223ED72948D4EB00152569 = {
						CreatedOnToolsVersion = 14.1;
					};
				};
			};
			buildConfigurationList = C7223ED32948D4EB00152569 /* Build configuration list for PBXProject "ParcingJSON" */;
			compatibilityVersion = "Xcode 14.0";
			developmentRegion = en;
			hasScannedForEncodings = 0;
			knownRegions = (
				en,
				Base,
			);
			mainGroup = C7223ECF2948D4EB00152569;
			productRefGroup = C7223ED92948D4EB00152569 /* Products */;
			projectDirPath = "";
			projectRoot = "";
			targets = (
				C7223ED72948D4EB00152569 /* ParcingJSON */,
			);
		};
/* End PBXProject section */

/* Begin PBXResourcesBuildPhase section */
		C7223ED62948D4EB00152569 /* Resources */ = {
			isa = PBXResourcesBuildPhase;
			buildActionMask = 2147483647;
			files = (
				C7223EE82948D4EC00152569 /* LaunchScreen.storyboard in Resources */,
				C7223EE52948D4EC00152569 /* Assets.xcassets in Resources */,
				C7223EE32948D4EB00152569 /* Main.storyboard in Resources */,
			);
			runOnlyForDeploymentPostprocessing = 0;
		};
/* End PBXResourcesBuildPhase section */

/* Begin PBXSourcesBuildPhase section */
		C7223ED42948D4EB00152569 /* Sources */ = {
			isa = PBXSourcesBuildPhase;
			buildActionMask = 2147483647;
			files = (
				C7223EE02948D4EB00152569 /* ViewController.swift in Sources */,
				C7223EDC2948D4EB00152569 /* AppDelegate.swift in Sources */,
				C7759D66294DBC910066C5A1 /* NetworkManager.swift in Sources */,
				C7759D69294DBEF60066C5A1 /* DescriptionViewController.swift in Sources */,
				C7223EDE2948D4EB00152569 /* SceneDelegate.swift in Sources */,
				C7223EF02948D7AC00152569 /* AstronomyPictures.swift in Sources */,
			);
			runOnlyForDeploymentPostprocessing = 0;
		};
/* End PBXSourcesBuildPhase section */

/* Begin PBXVariantGroup section */
		C7223EE12948D4EB00152569 /* Main.storyboard */ = {
			isa = PBXVariantGroup;
			children = (
				C7223EE22948D4EB00152569 /* Base */,
			);
			name = Main.storyboard;
			sourceTree = "<group>";
		};
		C7223EE62948D4EC00152569 /* LaunchScreen.storyboard */ = {
			isa = PBXVariantGroup;
			children = (
				C7223EE72948D4EC00152569 /* Base */,
			);
			name = LaunchScreen.storyboard;
			sourceTree = "<group>";
		};
/* End PBXVariantGroup section */

/* Begin XCBuildConfiguration section */
		C7223EEA2948D4EC00152569 /* Debug */ = {
			isa = XCBuildConfiguration;
			buildSettings = {
				ALWAYS_SEARCH_USER_PATHS = NO;
				CLANG_ANALYZER_NONNULL = YES;
				CLANG_ANALYZER_NUMBER_OBJECT_CONVERSION = YES_AGGRESSIVE;
				CLANG_CXX_LANGUAGE_STANDARD = "gnu++20";
				CLANG_ENABLE_MODULES = YES;
				CLANG_ENABLE_OBJC_ARC = YES;
				CLANG_ENABLE_OBJC_WEAK = YES;
				CLANG_WARN_BLOCK_CAPTURE_AUTORELEASING = YES;
				CLANG_WARN_BOOL_CONVERSION = YES;
				CLANG_WARN_COMMA = YES;
				CLANG_WARN_CONSTANT_CONVERSION = YES;
				CLANG_WARN_DEPRECATED_OBJC_IMPLEMENTATIONS = YES;
				CLANG_WARN_DIRECT_OBJC_ISA_USAGE = YES_ERROR;
				CLANG_WARN_DOCUMENTATION_COMMENTS = YES;
				CLANG_WARN_EMPTY_BODY = YES;
				CLANG_WARN_ENUM_CONVERSION = YES;
				CLANG_WARN_INFINITE_RECURSION = YES;
				CLANG_WARN_INT_CONVERSION = YES;
				CLANG_WARN_NON_LITERAL_NULL_CONVERSION = YES;
				CLANG_WARN_OBJC_IMPLICIT_RETAIN_SELF = YES;
				CLANG_WARN_OBJC_LITERAL_CONVERSION = YES;
				CLANG_WARN_OBJC_ROOT_CLASS = YES_ERROR;
				CLANG_WARN_QUOTED_INCLUDE_IN_FRAMEWORK_HEADER = YES;
				CLANG_WARN_RANGE_LOOP_ANALYSIS = YES;
				CLANG_WARN_STRICT_PROTOTYPES = YES;
				CLANG_WARN_SUSPICIOUS_MOVE = YES;
				CLANG_WARN_UNGUARDED_AVAILABILITY = YES_AGGRESSIVE;
				CLANG_WARN_UNREACHABLE_CODE = YES;
				CLANG_WARN__DUPLICATE_METHOD_MATCH = YES;
				COPY_PHASE_STRIP = NO;
				DEBUG_INFORMATION_FORMAT = dwarf;
				ENABLE_STRICT_OBJC_MSGSEND = YES;
				ENABLE_TESTABILITY = YES;
				GCC_C_LANGUAGE_STANDARD = gnu11;
				GCC_DYNAMIC_NO_PIC = NO;
				GCC_NO_COMMON_BLOCKS = YES;
				GCC_OPTIMIZATION_LEVEL = 0;
				GCC_PREPROCESSOR_DEFINITIONS = (
					"DEBUG=1",
					"$(inherited)",
				);
				GCC_WARN_64_TO_32_BIT_CONVERSION = YES;
				GCC_WARN_ABOUT_RETURN_TYPE = YES_ERROR;
				GCC_WARN_UNDECLARED_SELECTOR = YES;
				GCC_WARN_UNINITIALIZED_AUTOS = YES_AGGRESSIVE;
				GCC_WARN_UNUSED_FUNCTION = YES;
				GCC_WARN_UNUSED_VARIABLE = YES;
				IPHONEOS_DEPLOYMENT_TARGET = 16.1;
				MTL_ENABLE_DEBUG_INFO = INCLUDE_SOURCE;
				MTL_FAST_MATH = YES;
				ONLY_ACTIVE_ARCH = YES;
				SDKROOT = iphoneos;
				SWIFT_ACTIVE_COMPILATION_CONDITIONS = DEBUG;
				SWIFT_OPTIMIZATION_LEVEL = "-Onone";
			};
			name = Debug;
		};
		C7223EEB2948D4EC00152569 /* Release */ = {
			isa = XCBuildConfiguration;
			buildSettings = {
				ALWAYS_SEARCH_USER_PATHS = NO;
				CLANG_ANALYZER_NONNULL = YES;
				CLANG_ANALYZER_NUMBER_OBJECT_CONVERSION = YES_AGGRESSIVE;
				CLANG_CXX_LANGUAGE_STANDARD = "gnu++20";
				CLANG_ENABLE_MODULES = YES;
				CLANG_ENABLE_OBJC_ARC = YES;
				CLANG_ENABLE_OBJC_WEAK = YES;
				CLANG_WARN_BLOCK_CAPTURE_AUTORELEASING = YES;
				CLANG_WARN_BOOL_CONVERSION = YES;
				CLANG_WARN_COMMA = YES;
				CLANG_WARN_CONSTANT_CONVERSION = YES;
				CLANG_WARN_DEPRECATED_OBJC_IMPLEMENTATIONS = YES;
				CLANG_WARN_DIRECT_OBJC_ISA_USAGE = YES_ERROR;
				CLANG_WARN_DOCUMENTATION_COMMENTS = YES;
				CLANG_WARN_EMPTY_BODY = YES;
				CLANG_WARN_ENUM_CONVERSION = YES;
				CLANG_WARN_INFINITE_RECURSION = YES;
				CLANG_WARN_INT_CONVERSION = YES;
				CLANG_WARN_NON_LITERAL_NULL_CONVERSION = YES;
				CLANG_WARN_OBJC_IMPLICIT_RETAIN_SELF = YES;
				CLANG_WARN_OBJC_LITERAL_CONVERSION = YES;
				CLANG_WARN_OBJC_ROOT_CLASS = YES_ERROR;
				CLANG_WARN_QUOTED_INCLUDE_IN_FRAMEWORK_HEADER = YES;
				CLANG_WARN_RANGE_LOOP_ANALYSIS = YES;
				CLANG_WARN_STRICT_PROTOTYPES = YES;
				CLANG_WARN_SUSPICIOUS_MOVE = YES;
				CLANG_WARN_UNGUARDED_AVAILABILITY = YES_AGGRESSIVE;
				CLANG_WARN_UNREACHABLE_CODE = YES;
				CLANG_WARN__DUPLICATE_METHOD_MATCH = YES;
				COPY_PHASE_STRIP = NO;
				DEBUG_INFORMATION_FORMAT = "dwarf-with-dsym";
				ENABLE_NS_ASSERTIONS = NO;
				ENABLE_STRICT_OBJC_MSGSEND = YES;
				GCC_C_LANGUAGE_STANDARD = gnu11;
				GCC_NO_COMMON_BLOCKS = YES;
				GCC_WARN_64_TO_32_BIT_CONVERSION = YES;
				GCC_WARN_ABOUT_RETURN_TYPE = YES_ERROR;
				GCC_WARN_UNDECLARED_SELECTOR = YES;
				GCC_WARN_UNINITIALIZED_AUTOS = YES_AGGRESSIVE;
				GCC_WARN_UNUSED_FUNCTION = YES;
				GCC_WARN_UNUSED_VARIABLE = YES;
				IPHONEOS_DEPLOYMENT_TARGET = 16.1;
				MTL_ENABLE_DEBUG_INFO = NO;
				MTL_FAST_MATH = YES;
				SDKROOT = iphoneos;
				SWIFT_COMPILATION_MODE = wholemodule;
				SWIFT_OPTIMIZATION_LEVEL = "-O";
				VALIDATE_PRODUCT = YES;
			};
			name = Release;
		};
		C7223EED2948D4EC00152569 /* Debug */ = {
			isa = XCBuildConfiguration;
			buildSettings = {
				ASSETCATALOG_COMPILER_APPICON_NAME = AppIcon;
				ASSETCATALOG_COMPILER_GLOBAL_ACCENT_COLOR_NAME = AccentColor;
				CODE_SIGN_STYLE = Automatic;
				CURRENT_PROJECT_VERSION = 1;
				DEVELOPMENT_TEAM = WUFA4PQFA7;
				GENERATE_INFOPLIST_FILE = YES;
				INFOPLIST_FILE = "/Users/borissonin/Downloads/Программирование/ParcingJSON/ParcingJSON/App/Info.plist";
				INFOPLIST_KEY_UIApplicationSupportsIndirectInputEvents = YES;
				INFOPLIST_KEY_UILaunchStoryboardName = LaunchScreen;
				INFOPLIST_KEY_UIMainStoryboardFile = Main;
				INFOPLIST_KEY_UISupportedInterfaceOrientations_iPad = "UIInterfaceOrientationPortrait UIInterfaceOrientationPortraitUpsideDown UIInterfaceOrientationLandscapeLeft UIInterfaceOrientationLandscapeRight";
				INFOPLIST_KEY_UISupportedInterfaceOrientations_iPhone = "UIInterfaceOrientationPortrait UIInterfaceOrientationLandscapeLeft UIInterfaceOrientationLandscapeRight";
				LD_RUNPATH_SEARCH_PATHS = (
					"$(inherited)",
					"@executable_path/Frameworks",
				);
				MARKETING_VERSION = 1.0;
				PRODUCT_BUNDLE_IDENTIFIER = "Boris-Sonin.ParcingJSON";
				PRODUCT_NAME = "$(TARGET_NAME)";
				SWIFT_EMIT_LOC_STRINGS = YES;
				SWIFT_VERSION = 5.0;
				TARGETED_DEVICE_FAMILY = "1,2";
			};
			name = Debug;
		};
		C7223EEE2948D4EC00152569 /* Release */ = {
			isa = XCBuildConfiguration;
			buildSettings = {
				ASSETCATALOG_COMPILER_APPICON_NAME = AppIcon;
				ASSETCATALOG_COMPILER_GLOBAL_ACCENT_COLOR_NAME = AccentColor;
				CODE_SIGN_STYLE = Automatic;
				CURRENT_PROJECT_VERSION = 1;
				DEVELOPMENT_TEAM = WUFA4PQFA7;
				GENERATE_INFOPLIST_FILE = YES;
				INFOPLIST_FILE = "/Users/borissonin/Downloads/Программирование/ParcingJSON/ParcingJSON/App/Info.plist";
				INFOPLIST_KEY_UIApplicationSupportsIndirectInputEvents = YES;
				INFOPLIST_KEY_UILaunchStoryboardName = LaunchScreen;
				INFOPLIST_KEY_UIMainStoryboardFile = Main;
				INFOPLIST_KEY_UISupportedInterfaceOrientations_iPad = "UIInterfaceOrientationPortrait UIInterfaceOrientationPortraitUpsideDown UIInterfaceOrientationLandscapeLeft UIInterfaceOrientationLandscapeRight";
				INFOPLIST_KEY_UISupportedInterfaceOrientations_iPhone = "UIInterfaceOrientationPortrait UIInterfaceOrientationLandscapeLeft UIInterfaceOrientationLandscapeRight";
				LD_RUNPATH_SEARCH_PATHS = (
					"$(inherited)",
					"@executable_path/Frameworks",
				);
				MARKETING_VERSION = 1.0;
				PRODUCT_BUNDLE_IDENTIFIER = "Boris-Sonin.ParcingJSON";
				PRODUCT_NAME = "$(TARGET_NAME)";
				SWIFT_EMIT_LOC_STRINGS = YES;
				SWIFT_VERSION = 5.0;
				TARGETED_DEVICE_FAMILY = "1,2";
			};
			name = Release;
		};
/* End XCBuildConfiguration section */

/* Begin XCConfigurationList section */
		C7223ED32948D4EB00152569 /* Build configuration list for PBXProject "ParcingJSON" */ = {
			isa = XCConfigurationList;
			buildConfigurations = (
				C7223EEA2948D4EC00152569 /* Debug */,
				C7223EEB2948D4EC00152569 /* Release */,
			);
			defaultConfigurationIsVisible = 0;
			defaultConfigurationName = Release;
		};
		C7223EEC2948D4EC00152569 /* Build configuration list for PBXNativeTarget "ParcingJSON" */ = {
			isa = XCConfigurationList;
			buildConfigurations = (
				C7223EED2948D4EC00152569 /* Debug */,
				C7223EEE2948D4EC00152569 /* Release */,
			);
			defaultConfigurationIsVisible = 0;
			defaultConfigurationName = Release;
		};
/* End XCConfigurationList section */
	};
	rootObject = C7223ED02948D4EB00152569 /* Project object */;
}
